
Microsoft Visual Studio Solution File, Format Version 12.00
# Visual Studio Version 17
VisualStudioVersion = 17.4.33213.308
MinimumVisualStudioVersion = 10.0.40219.1
Project("{FAE04EC0-301F-11D3-BF4B-00C04F79EFBC}") = "SimplexMethod", "SimplexMethod\SimplexMethod.csproj", "{B5F66E71-6B7D-4911-9CAD-6D795160106E}"
EndProject
Global
	GlobalSection(SolutionConfigurationPlatforms) = preSolution
		Debug|Any CPU = Debug|Any CPU
		Release|Any CPU = Release|Any CPU
	EndGlobalSection
	GlobalSection(ProjectConfigurationPlatforms) = postSolution
		{B5F66E71-6B7D-4911-9CAD-6D795160106E}.Debug|Any CPU.ActiveCfg = Debug|Any CPU
		{B5F66E71-6B7D-4911-9CAD-6D795160106E}.Debug|Any CPU.Build.0 = Debug|Any CPU
		{B5F66E71-6B7D-4911-9CAD-6D795160106E}.Release|Any CPU.ActiveCfg = Release|Any CPU
		{B5F66E71-6B7D-4911-9CAD-6D795160106E}.Release|Any CPU.Build.0 = Release|Any CPU
	EndGlobalSection
	GlobalSection(SolutionProperties) = preSolution
		HideSolutionNode = FALSE
	EndGlobalSection
	GlobalSection(ExtensibilityGlobals) = postSolution
		SolutionGuid = {8BEA939A-4884-4B04-A3D1-E6C650A53C1D}
	EndGlobalSection
EndGlobal
